{
  "requires": true,
  "lockfileVersion": 1,
  "dependencies": {
    "angular-resource": {
      "version": "1.6.9",
      "resolved": "https://registry.npmjs.org/angular-resource/-/angular-resource-1.6.9.tgz",
      "integrity": "sha512-RNGjhQWGVz5EB1Z1miQNkpwhp2htcBgKRMxeXtNUZf53O1AxwrPy9HajDXi2Lub+tO72TPQOy4HOMW4xmGXz6g=="
    }
  }
}
